--- Cargo.lock.orig	2024-10-18 09:08:31 UTC
+++ Cargo.lock
@@ -335,7 +335,6 @@ dependencies = [
  "libgit2-sys",
  "memchr",
  "opener",
- "openssl",
  "os_info",
  "pasetors",
  "pathdiff",
@@ -1300,21 +1299,6 @@ checksum = "3f9eec918d3f24069decb9af1554cad7c880e2da24
 checksum = "3f9eec918d3f24069decb9af1554cad7c880e2da24a9afd88aca000531ab82c1"
 
 [[package]]
-name = "foreign-types"
-version = "0.3.2"
-source = "registry+https://github.com/rust-lang/crates.io-index"
-checksum = "f6f339eb8adc052cd2ca78910fda869aefa38d22d5cb648e6485e4d3fc06f3b1"
-dependencies = [
- "foreign-types-shared",
-]
-
-[[package]]
-name = "foreign-types-shared"
-version = "0.1.1"
-source = "registry+https://github.com/rust-lang/crates.io-index"
-checksum = "00b0228411908ca8685dba7fc2cdd70ec9990a6e753e89b6ac91a84c40fbaf4b"
-
-[[package]]
 name = "form_urlencoded"
 version = "1.2.1"
 source = "registry+https://github.com/rust-lang/crates.io-index"
@@ -3038,47 +3022,12 @@ dependencies = [
 ]
 
 [[package]]
-name = "openssl"
-version = "0.10.57"
-source = "registry+https://github.com/rust-lang/crates.io-index"
-checksum = "bac25ee399abb46215765b1cb35bc0212377e58a061560d8b29b024fd0430e7c"
-dependencies = [
- "bitflags 2.6.0",
- "cfg-if",
- "foreign-types",
- "libc",
- "once_cell",
- "openssl-macros",
- "openssl-sys",
-]
-
-[[package]]
-name = "openssl-macros"
-version = "0.1.1"
-source = "registry+https://github.com/rust-lang/crates.io-index"
-checksum = "a948666b637a0f465e8564c73e89d4dde00d72d4d473cc972f390fc3dcee7d9c"
-dependencies = [
- "proc-macro2",
- "quote",
- "syn 2.0.79",
-]
-
-[[package]]
 name = "openssl-probe"
 version = "0.1.5"
 source = "registry+https://github.com/rust-lang/crates.io-index"
 checksum = "ff011a302c396a5197692431fc1948019154afc178baf7d8e37367442a4601cf"
 
 [[package]]
-name = "openssl-src"
-version = "300.3.2+3.3.2"
-source = "registry+https://github.com/rust-lang/crates.io-index"
-checksum = "a211a18d945ef7e648cc6e0058f4c548ee46aab922ea203e0d30e966ea23647b"
-dependencies = [
- "cc",
-]
-
-[[package]]
 name = "openssl-sys"
 version = "0.9.104"
 source = "registry+https://github.com/rust-lang/crates.io-index"
@@ -3086,7 +3035,6 @@ dependencies = [
 dependencies = [
  "cc",
  "libc",
- "openssl-src",
  "pkg-config",
  "vcpkg",
 ]
