--- src/tools/cargo/Cargo.lock.orig	2025-03-04 00:43:01 UTC
+++ src/tools/cargo/Cargo.lock
@@ -2582,15 +2582,6 @@ checksum = "ff011a302c396a5197692431fc1948019154afc178
 checksum = "ff011a302c396a5197692431fc1948019154afc178baf7d8e37367442a4601cf"
 
 [[package]]
-name = "openssl-src"
-version = "111.28.2+1.1.1w"
-source = "registry+https://github.com/rust-lang/crates.io-index"
-checksum = "bb1830e20a48a975ca898ca8c1d036a36c3c6c5cb7dabc1c216706587857920f"
-dependencies = [
- "cc",
-]
-
-[[package]]
 name = "openssl-sys"
 version = "0.9.92"
 source = "registry+https://github.com/rust-lang/crates.io-index"
@@ -2598,7 +2589,6 @@ dependencies = [
 dependencies = [
  "cc",
  "libc",
- "openssl-src",
  "pkg-config",
  "vcpkg",
 ]
